
Microsoft Visual Studio Solution File, Format Version 12.00
# Visual Studio Version 17
VisualStudioVersion = 17.0.31903.59
MinimumVisualStudioVersion = 10.0.40219.1
Project("{FAE04EC0-301F-11D3-BF4B-00C04F79EFBC}") = "BankATMTestsLibrary", "BankATMTestsLibrary.csproj", "{F2456767-2377-44A8-8696-850AD22ED87C}"
EndProject
Global
	GlobalSection(SolutionConfigurationPlatforms) = preSolution
		Debug|Any CPU = Debug|Any CPU
		Release|Any CPU = Release|Any CPU
	EndGlobalSection
	GlobalSection(SolutionProperties) = preSolution
		HideSolutionNode = FALSE
	EndGlobalSection
	GlobalSection(ProjectConfigurationPlatforms) = postSolution
		{F2456767-2377-44A8-8696-850AD22ED87C}.Debug|Any CPU.ActiveCfg = Debug|Any CPU
		{F2456767-2377-44A8-8696-850AD22ED87C}.Debug|Any CPU.Build.0 = Debug|Any CPU
		{F2456767-2377-44A8-8696-850AD22ED87C}.Release|Any CPU.ActiveCfg = Release|Any CPU
		{F2456767-2377-44A8-8696-850AD22ED87C}.Release|Any CPU.Build.0 = Release|Any CPU
	EndGlobalSection
EndGlobal
